// !$*UTF8*$!
{
	archiveVersion = 1;
	classes = {
	};
	objectVersion = 55;
	objects = {

/* Begin PBXBuildFile section */
		10D5486B2862F48800E330EA /* AppDelegate.swift in Sources */ = {isa = PBXBuildFile; fileRef = 10D5486A2862F48800E330EA /* AppDelegate.swift */; };
		10D5486D2862F48800E330EA /* SceneDelegate.swift in Sources */ = {isa = PBXBuildFile; fileRef = 10D5486C2862F48800E330EA /* SceneDelegate.swift */; };
		10D5486F2862F48800E330EA /* ViewController.swift in Sources */ = {isa = PBXBuildFile; fileRef = 10D5486E2862F48800E330EA /* ViewController.swift */; };
		10D548722862F48800E330EA /* Main.storyboard in Resources */ = {isa = PBXBuildFile; fileRef = 10D548702862F48800E330EA /* Main.storyboard */; };
		10D548742862F48A00E330EA /* Assets.xcassets in Resources */ = {isa = PBXBuildFile; fileRef = 10D548732862F48A00E330EA /* Assets.xcassets */; };
		10D548772862F48A00E330EA /* LaunchScreen.storyboard in Resources */ = {isa = PBXBuildFile; fileRef = 10D548752862F48A00E330EA /* LaunchScreen.storyboard */; };
		10D548812862F75600E330EA /* LMRSampleVC.swift in Sources */ = {isa = PBXBuildFile; fileRef = 10D548802862F75600E330EA /* LMRSampleVC.swift */; };
		10D548832862FD9600E330EA /* lmr_sample_shader.metal in Sources */ = {isa = PBXBuildFile; fileRef = 10D548822862FD9600E330EA /* lmr_sample_shader.metal */; };
		10D54888286318FD00E330EA /* LMRSample3DVC.swift in Sources */ = {isa = PBXBuildFile; fileRef = 10D54887286318FD00E330EA /* LMRSample3DVC.swift */; };
		10D5488A286319AE00E330EA /* lmr_sample3d_shader.metal in Sources */ = {isa = PBXBuildFile; fileRef = 10D54889286319AE00E330EA /* lmr_sample3d_shader.metal */; };
		10D5488D28633A3600E330EA /* ModelIOExtensions.swift in Sources */ = {isa = PBXBuildFile; fileRef = 10D5488C28633A3600E330EA /* ModelIOExtensions.swift */; };
		10D5489028633CB100E330EA /* MathUtilities.swift in Sources */ = {isa = PBXBuildFile; fileRef = 10D5488F28633CB100E330EA /* MathUtilities.swift */; };
		1A6D22702868508C007A4F8A /* LMR3DBoxVC.swift in Sources */ = {isa = PBXBuildFile; fileRef = 1A6D226E2868508C007A4F8A /* LMR3DBoxVC.swift */; };
		1A6D22712868508C007A4F8A /* lmr_sample3dbox_shader.metal in Sources */ = {isa = PBXBuildFile; fileRef = 1A6D226F2868508C007A4F8A /* lmr_sample3dbox_shader.metal */; };
		1A6D227428685275007A4F8A /* LMRMesh.swift in Sources */ = {isa = PBXBuildFile; fileRef = 1A6D227328685275007A4F8A /* LMRMesh.swift */; };
		1A6D227628685287007A4F8A /* LMRSubmesh.swift in Sources */ = {isa = PBXBuildFile; fileRef = 1A6D227528685287007A4F8A /* LMRSubmesh.swift */; };
		1A6D2278286852CE007A4F8A /* LMRMaterial.swift in Sources */ = {isa = PBXBuildFile; fileRef = 1A6D2277286852CE007A4F8A /* LMRMaterial.swift */; };
		1A6D227A2868542D007A4F8A /* LMRVertex.swift in Sources */ = {isa = PBXBuildFile; fileRef = 1A6D22792868542D007A4F8A /* LMRVertex.swift */; };
		1A6D227D28685502007A4F8A /* LMR3DBox.swift in Sources */ = {isa = PBXBuildFile; fileRef = 1A6D227C28685502007A4F8A /* LMR3DBox.swift */; };
		1A6D22812868A3B9007A4F8A /* lmr_3dlight_shader.metal in Sources */ = {isa = PBXBuildFile; fileRef = 1A6D227F2868A3B9007A4F8A /* lmr_3dlight_shader.metal */; };
		1A6D22822868A3B9007A4F8A /* LMR3DLightVC.swift in Sources */ = {isa = PBXBuildFile; fileRef = 1A6D22802868A3B9007A4F8A /* LMR3DLightVC.swift */; };
		1A9DA7CD28684F5600BB6113 /* bottom.jpg in Resources */ = {isa = PBXBuildFile; fileRef = 1A9DA7C728684F5600BB6113 /* bottom.jpg */; };
		1A9DA7CE28684F5600BB6113 /* left.jpg in Resources */ = {isa = PBXBuildFile; fileRef = 1A9DA7C828684F5600BB6113 /* left.jpg */; };
		1A9DA7CF28684F5600BB6113 /* top.jpg in Resources */ = {isa = PBXBuildFile; fileRef = 1A9DA7C928684F5600BB6113 /* top.jpg */; };
		1A9DA7D028684F5600BB6113 /* back.jpg in Resources */ = {isa = PBXBuildFile; fileRef = 1A9DA7CA28684F5600BB6113 /* back.jpg */; };
		1A9DA7D128684F5600BB6113 /* right.jpg in Resources */ = {isa = PBXBuildFile; fileRef = 1A9DA7CB28684F5600BB6113 /* right.jpg */; };
		1A9DA7D228684F5600BB6113 /* front.jpg in Resources */ = {isa = PBXBuildFile; fileRef = 1A9DA7CC28684F5600BB6113 /* front.jpg */; };
/* End PBXBuildFile section */

/* Begin PBXFileReference section */
		10D548672862F48800E330EA /* LMR.app */ = {isa = PBXFileReference; explicitFileType = wrapper.application; includeInIndex = 0; path = LMR.app; sourceTree = BUILT_PRODUCTS_DIR; };
		10D5486A2862F48800E330EA /* AppDelegate.swift */ = {isa = PBXFileReference; lastKnownFileType = sourcecode.swift; path = AppDelegate.swift; sourceTree = "<group>"; };
		10D5486C2862F48800E330EA /* SceneDelegate.swift */ = {isa = PBXFileReference; lastKnownFileType = sourcecode.swift; path = SceneDelegate.swift; sourceTree = "<group>"; };
		10D5486E2862F48800E330EA /* ViewController.swift */ = {isa = PBXFileReference; lastKnownFileType = sourcecode.swift; path = ViewController.swift; sourceTree = "<group>"; };
		10D548712862F48800E330EA /* Base */ = {isa = PBXFileReference; lastKnownFileType = file.storyboard; name = Base; path = Base.lproj/Main.storyboard; sourceTree = "<group>"; };
		10D548732862F48A00E330EA /* Assets.xcassets */ = {isa = PBXFileReference; lastKnownFileType = folder.assetcatalog; path = Assets.xcassets; sourceTree = "<group>"; };
		10D548762862F48A00E330EA /* Base */ = {isa = PBXFileReference; lastKnownFileType = file.storyboard; name = Base; path = Base.lproj/LaunchScreen.storyboard; sourceTree = "<group>"; };
		10D548782862F48A00E330EA /* Info.plist */ = {isa = PBXFileReference; lastKnownFileType = text.plist.xml; path = Info.plist; sourceTree = "<group>"; };
		10D548802862F75600E330EA /* LMRSampleVC.swift */ = {isa = PBXFileReference; lastKnownFileType = sourcecode.swift; path = LMRSampleVC.swift; sourceTree = "<group>"; };
		10D548822862FD9600E330EA /* lmr_sample_shader.metal */ = {isa = PBXFileReference; lastKnownFileType = sourcecode.metal; path = lmr_sample_shader.metal; sourceTree = "<group>"; };
		10D54887286318FD00E330EA /* LMRSample3DVC.swift */ = {isa = PBXFileReference; lastKnownFileType = sourcecode.swift; path = LMRSample3DVC.swift; sourceTree = "<group>"; };
		10D54889286319AE00E330EA /* lmr_sample3d_shader.metal */ = {isa = PBXFileReference; lastKnownFileType = sourcecode.metal; path = lmr_sample3d_shader.metal; sourceTree = "<group>"; };
		10D5488C28633A3600E330EA /* ModelIOExtensions.swift */ = {isa = PBXFileReference; fileEncoding = 4; lastKnownFileType = sourcecode.swift; path = ModelIOExtensions.swift; sourceTree = "<group>"; };
		10D5488F28633CB100E330EA /* MathUtilities.swift */ = {isa = PBXFileReference; fileEncoding = 4; lastKnownFileType = sourcecode.swift; path = MathUtilities.swift; sourceTree = "<group>"; };
		1A6D226E2868508C007A4F8A /* LMR3DBoxVC.swift */ = {isa = PBXFileReference; fileEncoding = 4; lastKnownFileType = sourcecode.swift; path = LMR3DBoxVC.swift; sourceTree = "<group>"; };
		1A6D226F2868508C007A4F8A /* lmr_sample3dbox_shader.metal */ = {isa = PBXFileReference; fileEncoding = 4; lastKnownFileType = sourcecode.metal; path = lmr_sample3dbox_shader.metal; sourceTree = "<group>"; };
		1A6D227328685275007A4F8A /* LMRMesh.swift */ = {isa = PBXFileReference; lastKnownFileType = sourcecode.swift; path = LMRMesh.swift; sourceTree = "<group>"; };
		1A6D227528685287007A4F8A /* LMRSubmesh.swift */ = {isa = PBXFileReference; lastKnownFileType = sourcecode.swift; path = LMRSubmesh.swift; sourceTree = "<group>"; };
		1A6D2277286852CE007A4F8A /* LMRMaterial.swift */ = {isa = PBXFileReference; lastKnownFileType = sourcecode.swift; path = LMRMaterial.swift; sourceTree = "<group>"; };
		1A6D22792868542D007A4F8A /* LMRVertex.swift */ = {isa = PBXFileReference; lastKnownFileType = sourcecode.swift; path = LMRVertex.swift; sourceTree = "<group>"; };
		1A6D227C28685502007A4F8A /* LMR3DBox.swift */ = {isa = PBXFileReference; lastKnownFileType = sourcecode.swift; path = LMR3DBox.swift; sourceTree = "<group>"; };
		1A6D227F2868A3B9007A4F8A /* lmr_3dlight_shader.metal */ = {isa = PBXFileReference; fileEncoding = 4; lastKnownFileType = sourcecode.metal; path = lmr_3dlight_shader.metal; sourceTree = "<group>"; };
		1A6D22802868A3B9007A4F8A /* LMR3DLightVC.swift */ = {isa = PBXFileReference; fileEncoding = 4; lastKnownFileType = sourcecode.swift; path = LMR3DLightVC.swift; sourceTree = "<group>"; };
		1A9DA7C728684F5600BB6113 /* bottom.jpg */ = {isa = PBXFileReference; lastKnownFileType = image.jpeg; path = bottom.jpg; sourceTree = "<group>"; };
		1A9DA7C828684F5600BB6113 /* left.jpg */ = {isa = PBXFileReference; lastKnownFileType = image.jpeg; path = left.jpg; sourceTree = "<group>"; };
		1A9DA7C928684F5600BB6113 /* top.jpg */ = {isa = PBXFileReference; lastKnownFileType = image.jpeg; path = top.jpg; sourceTree = "<group>"; };
		1A9DA7CA28684F5600BB6113 /* back.jpg */ = {isa = PBXFileReference; lastKnownFileType = image.jpeg; path = back.jpg; sourceTree = "<group>"; };
		1A9DA7CB28684F5600BB6113 /* right.jpg */ = {isa = PBXFileReference; lastKnownFileType = image.jpeg; path = right.jpg; sourceTree = "<group>"; };
		1A9DA7CC28684F5600BB6113 /* front.jpg */ = {isa = PBXFileReference; lastKnownFileType = image.jpeg; path = front.jpg; sourceTree = "<group>"; };
/* End PBXFileReference section */

/* Begin PBXFrameworksBuildPhase section */
		10D548642862F48800E330EA /* Frameworks */ = {
			isa = PBXFrameworksBuildPhase;
			buildActionMask = 2147483647;
			files = (
			);
			runOnlyForDeploymentPostprocessing = 0;
		};
/* End PBXFrameworksBuildPhase section */

/* Begin PBXGroup section */
		10D5485E2862F48800E330EA = {
			isa = PBXGroup;
			children = (
				10D548692862F48800E330EA /* LMR */,
				10D548682862F48800E330EA /* Products */,
			);
			sourceTree = "<group>";
		};
		10D548682862F48800E330EA /* Products */ = {
			isa = PBXGroup;
			children = (
				10D548672862F48800E330EA /* LMR.app */,
			);
			name = Products;
			sourceTree = "<group>";
		};
		10D548692862F48800E330EA /* LMR */ = {
			isa = PBXGroup;
			children = (
				1A9DA7C528684F4500BB6113 /* res */,
				10D5488E28633A3800E330EA /* lib */,
				10D5487E2862F72A00E330EA /* models */,
				10D5486A2862F48800E330EA /* AppDelegate.swift */,
				10D5486C2862F48800E330EA /* SceneDelegate.swift */,
				10D5486E2862F48800E330EA /* ViewController.swift */,
				10D548702862F48800E330EA /* Main.storyboard */,
				10D548732862F48A00E330EA /* Assets.xcassets */,
				10D548752862F48A00E330EA /* LaunchScreen.storyboard */,
				10D548782862F48A00E330EA /* Info.plist */,
			);
			path = LMR;
			sourceTree = "<group>";
		};
		10D5487E2862F72A00E330EA /* models */ = {
			isa = PBXGroup;
			children = (
				1A6D227E2868A3B9007A4F8A /* 3d_light */,
				1A6D226D2868508C007A4F8A /* 3d_box */,
				10D54884286318B400E330EA /* 3d */,
				10D5487F2862F73000E330EA /* sample */,
			);
			path = models;
			sourceTree = "<group>";
		};
		10D5487F2862F73000E330EA /* sample */ = {
			isa = PBXGroup;
			children = (
				10D548802862F75600E330EA /* LMRSampleVC.swift */,
				10D548822862FD9600E330EA /* lmr_sample_shader.metal */,
			);
			path = sample;
			sourceTree = "<group>";
		};
		10D54884286318B400E330EA /* 3d */ = {
			isa = PBXGroup;
			children = (
				10D54887286318FD00E330EA /* LMRSample3DVC.swift */,
				10D54889286319AE00E330EA /* lmr_sample3d_shader.metal */,
			);
			path = 3d;
			sourceTree = "<group>";
		};
		10D5488E28633A3800E330EA /* lib */ = {
			isa = PBXGroup;
			children = (
				1A6D227B286854DB007A4F8A /* 3d_model */,
				1A6D22722868525B007A4F8A /* mesh */,
				10D5488F28633CB100E330EA /* MathUtilities.swift */,
				10D5488C28633A3600E330EA /* ModelIOExtensions.swift */,
			);
			path = lib;
			sourceTree = "<group>";
		};
		1A6D226D2868508C007A4F8A /* 3d_box */ = {
			isa = PBXGroup;
			children = (
				1A6D226E2868508C007A4F8A /* LMR3DBoxVC.swift */,
				1A6D226F2868508C007A4F8A /* lmr_sample3dbox_shader.metal */,
			);
			path = 3d_box;
			sourceTree = "<group>";
		};
		1A6D22722868525B007A4F8A /* mesh */ = {
			isa = PBXGroup;
			children = (
				1A6D227328685275007A4F8A /* LMRMesh.swift */,
				1A6D227528685287007A4F8A /* LMRSubmesh.swift */,
				1A6D2277286852CE007A4F8A /* LMRMaterial.swift */,
				1A6D22792868542D007A4F8A /* LMRVertex.swift */,
			);
			path = mesh;
			sourceTree = "<group>";
		};
		1A6D227B286854DB007A4F8A /* 3d_model */ = {
			isa = PBXGroup;
			children = (
				1A6D227C28685502007A4F8A /* LMR3DBox.swift */,
			);
			path = 3d_model;
			sourceTree = "<group>";
		};
		1A6D227E2868A3B9007A4F8A /* 3d_light */ = {
			isa = PBXGroup;
			children = (
				1A6D227F2868A3B9007A4F8A /* lmr_3dlight_shader.metal */,
				1A6D22802868A3B9007A4F8A /* LMR3DLightVC.swift */,
			);
			path = 3d_light;
			sourceTree = "<group>";
		};
		1A9DA7C528684F4500BB6113 /* res */ = {
			isa = PBXGroup;
			children = (
				1A9DA7C628684F5600BB6113 /* skybox */,
			);
			path = res;
			sourceTree = "<group>";
		};
		1A9DA7C628684F5600BB6113 /* skybox */ = {
			isa = PBXGroup;
			children = (
				1A9DA7C728684F5600BB6113 /* bottom.jpg */,
				1A9DA7C828684F5600BB6113 /* left.jpg */,
				1A9DA7C928684F5600BB6113 /* top.jpg */,
				1A9DA7CA28684F5600BB6113 /* back.jpg */,
				1A9DA7CB28684F5600BB6113 /* right.jpg */,
				1A9DA7CC28684F5600BB6113 /* front.jpg */,
			);
			path = skybox;
			sourceTree = "<group>";
		};
/* End PBXGroup section */

/* Begin PBXNativeTarget section */
		10D548662862F48800E330EA /* LMR */ = {
			isa = PBXNativeTarget;
			buildConfigurationList = 10D5487B2862F48A00E330EA /* Build configuration list for PBXNativeTarget "LMR" */;
			buildPhases = (
				10D548632862F48800E330EA /* Sources */,
				10D548642862F48800E330EA /* Frameworks */,
				10D548652862F48800E330EA /* Resources */,
			);
			buildRules = (
			);
			dependencies = (
			);
			name = LMR;
			productName = LMR;
			productReference = 10D548672862F48800E330EA /* LMR.app */;
			productType = "com.apple.product-type.application";
		};
/* End PBXNativeTarget section */

/* Begin PBXProject section */
		10D5485F2862F48800E330EA /* Project object */ = {
			isa = PBXProject;
			attributes = {
				LastSwiftUpdateCheck = 1400;
				LastUpgradeCheck = 1400;
				TargetAttributes = {
					10D548662862F48800E330EA = {
						CreatedOnToolsVersion = 14.0;
					};
				};
			};
			buildConfigurationList = 10D548622862F48800E330EA /* Build configuration list for PBXProject "LMR" */;
			compatibilityVersion = "Xcode 13.0";
			developmentRegion = en;
			hasScannedForEncodings = 0;
			knownRegions = (
				en,
				Base,
			);
			mainGroup = 10D5485E2862F48800E330EA;
			productRefGroup = 10D548682862F48800E330EA /* Products */;
			projectDirPath = "";
			projectRoot = "";
			targets = (
				10D548662862F48800E330EA /* LMR */,
			);
		};
/* End PBXProject section */

/* Begin PBXResourcesBuildPhase section */
		10D548652862F48800E330EA /* Resources */ = {
			isa = PBXResourcesBuildPhase;
			buildActionMask = 2147483647;
			files = (
				10D548772862F48A00E330EA /* LaunchScreen.storyboard in Resources */,
				1A9DA7CE28684F5600BB6113 /* left.jpg in Resources */,
				10D548742862F48A00E330EA /* Assets.xcassets in Resources */,
				1A9DA7CF28684F5600BB6113 /* top.jpg in Resources */,
				1A9DA7D028684F5600BB6113 /* back.jpg in Resources */,
				1A9DA7D228684F5600BB6113 /* front.jpg in Resources */,
				1A9DA7CD28684F5600BB6113 /* bottom.jpg in Resources */,
				1A9DA7D128684F5600BB6113 /* right.jpg in Resources */,
				10D548722862F48800E330EA /* Main.storyboard in Resources */,
			);
			runOnlyForDeploymentPostprocessing = 0;
		};
/* End PBXResourcesBuildPhase section */

/* Begin PBXSourcesBuildPhase section */
		10D548632862F48800E330EA /* Sources */ = {
			isa = PBXSourcesBuildPhase;
			buildActionMask = 2147483647;
			files = (
				1A6D2278286852CE007A4F8A /* LMRMaterial.swift in Sources */,
				10D548832862FD9600E330EA /* lmr_sample_shader.metal in Sources */,
				10D54888286318FD00E330EA /* LMRSample3DVC.swift in Sources */,
				10D5486F2862F48800E330EA /* ViewController.swift in Sources */,
				1A6D227D28685502007A4F8A /* LMR3DBox.swift in Sources */,
				1A6D227628685287007A4F8A /* LMRSubmesh.swift in Sources */,
				1A6D227A2868542D007A4F8A /* LMRVertex.swift in Sources */,
				10D5488D28633A3600E330EA /* ModelIOExtensions.swift in Sources */,
				1A6D22712868508C007A4F8A /* lmr_sample3dbox_shader.metal in Sources */,
				10D5486B2862F48800E330EA /* AppDelegate.swift in Sources */,
				1A6D22702868508C007A4F8A /* LMR3DBoxVC.swift in Sources */,
				1A6D22822868A3B9007A4F8A /* LMR3DLightVC.swift in Sources */,
				10D5488A286319AE00E330EA /* lmr_sample3d_shader.metal in Sources */,
				1A6D227428685275007A4F8A /* LMRMesh.swift in Sources */,
				1A6D22812868A3B9007A4F8A /* lmr_3dlight_shader.metal in Sources */,
				10D548812862F75600E330EA /* LMRSampleVC.swift in Sources */,
				10D5489028633CB100E330EA /* MathUtilities.swift in Sources */,
				10D5486D2862F48800E330EA /* SceneDelegate.swift in Sources */,
			);
			runOnlyForDeploymentPostprocessing = 0;
		};
/* End PBXSourcesBuildPhase section */

/* Begin PBXVariantGroup section */
		10D548702862F48800E330EA /* Main.storyboard */ = {
			isa = PBXVariantGroup;
			children = (
				10D548712862F48800E330EA /* Base */,
			);
			name = Main.storyboard;
			sourceTree = "<group>";
		};
		10D548752862F48A00E330EA /* LaunchScreen.storyboard */ = {
			isa = PBXVariantGroup;
			children = (
				10D548762862F48A00E330EA /* Base */,
			);
			name = LaunchScreen.storyboard;
			sourceTree = "<group>";
		};
/* End PBXVariantGroup section */

/* Begin XCBuildConfiguration section */
		10D548792862F48A00E330EA /* Debug */ = {
			isa = XCBuildConfiguration;
			buildSettings = {
				ALWAYS_SEARCH_USER_PATHS = NO;
				CLANG_ANALYZER_NONNULL = YES;
				CLANG_ANALYZER_NUMBER_OBJECT_CONVERSION = YES_AGGRESSIVE;
				CLANG_CXX_LANGUAGE_STANDARD = "gnu++17";
				CLANG_ENABLE_MODULES = YES;
				CLANG_ENABLE_OBJC_ARC = YES;
				CLANG_ENABLE_OBJC_WEAK = YES;
				CLANG_WARN_BLOCK_CAPTURE_AUTORELEASING = YES;
				CLANG_WARN_BOOL_CONVERSION = YES;
				CLANG_WARN_COMMA = YES;
				CLANG_WARN_CONSTANT_CONVERSION = YES;
				CLANG_WARN_DEPRECATED_OBJC_IMPLEMENTATIONS = YES;
				CLANG_WARN_DIRECT_OBJC_ISA_USAGE = YES_ERROR;
				CLANG_WARN_DOCUMENTATION_COMMENTS = YES;
				CLANG_WARN_EMPTY_BODY = YES;
				CLANG_WARN_ENUM_CONVERSION = YES;
				CLANG_WARN_INFINITE_RECURSION = YES;
				CLANG_WARN_INT_CONVERSION = YES;
				CLANG_WARN_NON_LITERAL_NULL_CONVERSION = YES;
				CLANG_WARN_OBJC_IMPLICIT_RETAIN_SELF = YES;
				CLANG_WARN_OBJC_LITERAL_CONVERSION = YES;
				CLANG_WARN_OBJC_ROOT_CLASS = YES_ERROR;
				CLANG_WARN_QUOTED_INCLUDE_IN_FRAMEWORK_HEADER = YES;
				CLANG_WARN_RANGE_LOOP_ANALYSIS = YES;
				CLANG_WARN_STRICT_PROTOTYPES = YES;
				CLANG_WARN_SUSPICIOUS_MOVE = YES;
				CLANG_WARN_UNGUARDED_AVAILABILITY = YES_AGGRESSIVE;
				CLANG_WARN_UNREACHABLE_CODE = YES;
				CLANG_WARN__DUPLICATE_METHOD_MATCH = YES;
				COPY_PHASE_STRIP = NO;
				DEBUG_INFORMATION_FORMAT = dwarf;
				ENABLE_STRICT_OBJC_MSGSEND = YES;
				ENABLE_TESTABILITY = YES;
				GCC_C_LANGUAGE_STANDARD = gnu11;
				GCC_DYNAMIC_NO_PIC = NO;
				GCC_NO_COMMON_BLOCKS = YES;
				GCC_OPTIMIZATION_LEVEL = 0;
				GCC_PREPROCESSOR_DEFINITIONS = (
					"DEBUG=1",
					"$(inherited)",
				);
				GCC_WARN_64_TO_32_BIT_CONVERSION = YES;
				GCC_WARN_ABOUT_RETURN_TYPE = YES_ERROR;
				GCC_WARN_UNDECLARED_SELECTOR = YES;
				GCC_WARN_UNINITIALIZED_AUTOS = YES_AGGRESSIVE;
				GCC_WARN_UNUSED_FUNCTION = YES;
				GCC_WARN_UNUSED_VARIABLE = YES;
				IPHONEOS_DEPLOYMENT_TARGET = 16.0;
				MTL_ENABLE_DEBUG_INFO = INCLUDE_SOURCE;
				MTL_FAST_MATH = YES;
				ONLY_ACTIVE_ARCH = YES;
				SDKROOT = iphoneos;
				SWIFT_ACTIVE_COMPILATION_CONDITIONS = DEBUG;
				SWIFT_OPTIMIZATION_LEVEL = "-Onone";
			};
			name = Debug;
		};
		10D5487A2862F48A00E330EA /* Release */ = {
			isa = XCBuildConfiguration;
			buildSettings = {
				ALWAYS_SEARCH_USER_PATHS = NO;
				CLANG_ANALYZER_NONNULL = YES;
				CLANG_ANALYZER_NUMBER_OBJECT_CONVERSION = YES_AGGRESSIVE;
				CLANG_CXX_LANGUAGE_STANDARD = "gnu++17";
				CLANG_ENABLE_MODULES = YES;
				CLANG_ENABLE_OBJC_ARC = YES;
				CLANG_ENABLE_OBJC_WEAK = YES;
				CLANG_WARN_BLOCK_CAPTURE_AUTORELEASING = YES;
				CLANG_WARN_BOOL_CONVERSION = YES;
				CLANG_WARN_COMMA = YES;
				CLANG_WARN_CONSTANT_CONVERSION = YES;
				CLANG_WARN_DEPRECATED_OBJC_IMPLEMENTATIONS = YES;
				CLANG_WARN_DIRECT_OBJC_ISA_USAGE = YES_ERROR;
				CLANG_WARN_DOCUMENTATION_COMMENTS = YES;
				CLANG_WARN_EMPTY_BODY = YES;
				CLANG_WARN_ENUM_CONVERSION = YES;
				CLANG_WARN_INFINITE_RECURSION = YES;
				CLANG_WARN_INT_CONVERSION = YES;
				CLANG_WARN_NON_LITERAL_NULL_CONVERSION = YES;
				CLANG_WARN_OBJC_IMPLICIT_RETAIN_SELF = YES;
				CLANG_WARN_OBJC_LITERAL_CONVERSION = YES;
				CLANG_WARN_OBJC_ROOT_CLASS = YES_ERROR;
				CLANG_WARN_QUOTED_INCLUDE_IN_FRAMEWORK_HEADER = YES;
				CLANG_WARN_RANGE_LOOP_ANALYSIS = YES;
				CLANG_WARN_STRICT_PROTOTYPES = YES;
				CLANG_WARN_SUSPICIOUS_MOVE = YES;
				CLANG_WARN_UNGUARDED_AVAILABILITY = YES_AGGRESSIVE;
				CLANG_WARN_UNREACHABLE_CODE = YES;
				CLANG_WARN__DUPLICATE_METHOD_MATCH = YES;
				COPY_PHASE_STRIP = NO;
				DEBUG_INFORMATION_FORMAT = "dwarf-with-dsym";
				ENABLE_NS_ASSERTIONS = NO;
				ENABLE_STRICT_OBJC_MSGSEND = YES;
				GCC_C_LANGUAGE_STANDARD = gnu11;
				GCC_NO_COMMON_BLOCKS = YES;
				GCC_WARN_64_TO_32_BIT_CONVERSION = YES;
				GCC_WARN_ABOUT_RETURN_TYPE = YES_ERROR;
				GCC_WARN_UNDECLARED_SELECTOR = YES;
				GCC_WARN_UNINITIALIZED_AUTOS = YES_AGGRESSIVE;
				GCC_WARN_UNUSED_FUNCTION = YES;
				GCC_WARN_UNUSED_VARIABLE = YES;
				IPHONEOS_DEPLOYMENT_TARGET = 16.0;
				MTL_ENABLE_DEBUG_INFO = NO;
				MTL_FAST_MATH = YES;
				SDKROOT = iphoneos;
				SWIFT_COMPILATION_MODE = wholemodule;
				SWIFT_OPTIMIZATION_LEVEL = "-O";
				VALIDATE_PRODUCT = YES;
			};
			name = Release;
		};
		10D5487C2862F48A00E330EA /* Debug */ = {
			isa = XCBuildConfiguration;
			buildSettings = {
				ASSETCATALOG_COMPILER_APPICON_NAME = AppIcon;
				ASSETCATALOG_COMPILER_GLOBAL_ACCENT_COLOR_NAME = AccentColor;
				CODE_SIGN_STYLE = Automatic;
				CURRENT_PROJECT_VERSION = 1;
				DEVELOPMENT_TEAM = 55S998F6XB;
				GENERATE_INFOPLIST_FILE = YES;
				INFOPLIST_FILE = LMR/Info.plist;
				INFOPLIST_KEY_UIApplicationSupportsIndirectInputEvents = YES;
				INFOPLIST_KEY_UILaunchStoryboardName = LaunchScreen;
				INFOPLIST_KEY_UIMainStoryboardFile = Main;
				INFOPLIST_KEY_UISupportedInterfaceOrientations_iPad = "UIInterfaceOrientationPortrait UIInterfaceOrientationPortraitUpsideDown UIInterfaceOrientationLandscapeLeft UIInterfaceOrientationLandscapeRight";
				INFOPLIST_KEY_UISupportedInterfaceOrientations_iPhone = "UIInterfaceOrientationPortrait UIInterfaceOrientationLandscapeLeft UIInterfaceOrientationLandscapeRight";
				IPHONEOS_DEPLOYMENT_TARGET = 13.0;
				LD_RUNPATH_SEARCH_PATHS = (
					"$(inherited)",
					"@executable_path/Frameworks",
				);
				MARKETING_VERSION = 1.0;
				PRODUCT_BUNDLE_IDENTIFIER = com.hjp.LMR;
				PRODUCT_NAME = "$(TARGET_NAME)";
				SWIFT_EMIT_LOC_STRINGS = YES;
				SWIFT_VERSION = 5.0;
				TARGETED_DEVICE_FAMILY = "1,2";
			};
			name = Debug;
		};
		10D5487D2862F48A00E330EA /* Release */ = {
			isa = XCBuildConfiguration;
			buildSettings = {
				ASSETCATALOG_COMPILER_APPICON_NAME = AppIcon;
				ASSETCATALOG_COMPILER_GLOBAL_ACCENT_COLOR_NAME = AccentColor;
				CODE_SIGN_STYLE = Automatic;
				CURRENT_PROJECT_VERSION = 1;
				DEVELOPMENT_TEAM = 55S998F6XB;
				GENERATE_INFOPLIST_FILE = YES;
				INFOPLIST_FILE = LMR/Info.plist;
				INFOPLIST_KEY_UIApplicationSupportsIndirectInputEvents = YES;
				INFOPLIST_KEY_UILaunchStoryboardName = LaunchScreen;
				INFOPLIST_KEY_UIMainStoryboardFile = Main;
				INFOPLIST_KEY_UISupportedInterfaceOrientations_iPad = "UIInterfaceOrientationPortrait UIInterfaceOrientationPortraitUpsideDown UIInterfaceOrientationLandscapeLeft UIInterfaceOrientationLandscapeRight";
				INFOPLIST_KEY_UISupportedInterfaceOrientations_iPhone = "UIInterfaceOrientationPortrait UIInterfaceOrientationLandscapeLeft UIInterfaceOrientationLandscapeRight";
				IPHONEOS_DEPLOYMENT_TARGET = 13.0;
				LD_RUNPATH_SEARCH_PATHS = (
					"$(inherited)",
					"@executable_path/Frameworks",
				);
				MARKETING_VERSION = 1.0;
				PRODUCT_BUNDLE_IDENTIFIER = com.hjp.LMR;
				PRODUCT_NAME = "$(TARGET_NAME)";
				SWIFT_EMIT_LOC_STRINGS = YES;
				SWIFT_VERSION = 5.0;
				TARGETED_DEVICE_FAMILY = "1,2";
			};
			name = Release;
		};
/* End XCBuildConfiguration section */

/* Begin XCConfigurationList section */
		10D548622862F48800E330EA /* Build configuration list for PBXProject "LMR" */ = {
			isa = XCConfigurationList;
			buildConfigurations = (
				10D548792862F48A00E330EA /* Debug */,
				10D5487A2862F48A00E330EA /* Release */,
			);
			defaultConfigurationIsVisible = 0;
			defaultConfigurationName = Release;
		};
		10D5487B2862F48A00E330EA /* Build configuration list for PBXNativeTarget "LMR" */ = {
			isa = XCConfigurationList;
			buildConfigurations = (
				10D5487C2862F48A00E330EA /* Debug */,
				10D5487D2862F48A00E330EA /* Release */,
			);
			defaultConfigurationIsVisible = 0;
			defaultConfigurationName = Release;
		};
/* End XCConfigurationList section */
	};
	rootObject = 10D5485F2862F48800E330EA /* Project object */;
}
