// !$*UTF8*$!
{
	archiveVersion = 1;
	classes = {
	};
	objectVersion = 55;
	objects = {

/* Begin PBXBuildFile section */
		1003B44128858FB600CABD93 /* LMR3DShadowRenderer.swift in Sources */ = {isa = PBXBuildFile; fileRef = 1003B44028858FB600CABD93 /* LMR3DShadowRenderer.swift */; };
		1003B4442885901F00CABD93 /* LMR3DShadowPainter.swift in Sources */ = {isa = PBXBuildFile; fileRef = 1003B4432885901F00CABD93 /* LMR3DShadowPainter.swift */; };
		1003B4462885902F00CABD93 /* LMR3DShadowPainter.metal in Sources */ = {isa = PBXBuildFile; fileRef = 1003B4452885902F00CABD93 /* LMR3DShadowPainter.metal */; };
		1005229828743D7E000914AE /* ModelIOExtensions.swift in Sources */ = {isa = PBXBuildFile; fileRef = 1005229628743D7E000914AE /* ModelIOExtensions.swift */; };
		1005229928743D7E000914AE /* MathUtilities.swift in Sources */ = {isa = PBXBuildFile; fileRef = 1005229728743D7E000914AE /* MathUtilities.swift */; };
		100522BD28743D87000914AE /* LMDVertex.swift in Sources */ = {isa = PBXBuildFile; fileRef = 1005229C28743D87000914AE /* LMDVertex.swift */; };
		100522BE28743D87000914AE /* LMDMesh.swift in Sources */ = {isa = PBXBuildFile; fileRef = 1005229D28743D87000914AE /* LMDMesh.swift */; };
		100522BF28743D87000914AE /* LMDSubmesh.swift in Sources */ = {isa = PBXBuildFile; fileRef = 1005229E28743D87000914AE /* LMDSubmesh.swift */; };
		100522C028743D87000914AE /* LMDMaterial.swift in Sources */ = {isa = PBXBuildFile; fileRef = 1005229F28743D87000914AE /* LMDMaterial.swift */; };
		100522C128743D87000914AE /* LMDMesh+Rect.swift in Sources */ = {isa = PBXBuildFile; fileRef = 100522A128743D87000914AE /* LMDMesh+Rect.swift */; };
		100522C228743D87000914AE /* LMDMesh+Box.swift in Sources */ = {isa = PBXBuildFile; fileRef = 100522A228743D87000914AE /* LMDMesh+Box.swift */; };
		100522C328743D87000914AE /* LMRSubmesh.swift in Sources */ = {isa = PBXBuildFile; fileRef = 100522A528743D87000914AE /* LMRSubmesh.swift */; };
		100522C428743D87000914AE /* LMRMesh.swift in Sources */ = {isa = PBXBuildFile; fileRef = 100522A628743D87000914AE /* LMRMesh.swift */; };
		100522C528743D87000914AE /* LMRRenderer.swift in Sources */ = {isa = PBXBuildFile; fileRef = 100522A828743D87000914AE /* LMRRenderer.swift */; };
		100522C628743D87000914AE /* LMRShaderCommon.metal in Sources */ = {isa = PBXBuildFile; fileRef = 100522AB28743D87000914AE /* LMRShaderCommon.metal */; };
		100522C828743D87000914AE /* LMR3DObjPainter.swift in Sources */ = {isa = PBXBuildFile; fileRef = 100522AF28743D87000914AE /* LMR3DObjPainter.swift */; };
		100522C928743D87000914AE /* LMRShader3DObject.metal in Sources */ = {isa = PBXBuildFile; fileRef = 100522B028743D87000914AE /* LMRShader3DObject.metal */; };
		100522CA28743D87000914AE /* LMR3DRenderer.swift in Sources */ = {isa = PBXBuildFile; fileRef = 100522B128743D87000914AE /* LMR3DRenderer.swift */; };
		100522CB28743D87000914AE /* MDLMesh+LMR.swift in Sources */ = {isa = PBXBuildFile; fileRef = 100522B328743D87000914AE /* MDLMesh+LMR.swift */; };
		100522CC28743D87000914AE /* LMRContext.swift in Sources */ = {isa = PBXBuildFile; fileRef = 100522B528743D87000914AE /* LMRContext.swift */; };
		100522CD28743D87000914AE /* LMRConst.swift in Sources */ = {isa = PBXBuildFile; fileRef = 100522B628743D87000914AE /* LMRConst.swift */; };
		100522CE28743D87000914AE /* LMRLight.swift in Sources */ = {isa = PBXBuildFile; fileRef = 100522B828743D87000914AE /* LMRLight.swift */; };
		100522CF28743D87000914AE /* LMRObject.swift in Sources */ = {isa = PBXBuildFile; fileRef = 100522B928743D87000914AE /* LMRObject.swift */; };
		100522D028743D87000914AE /* LMRCamera.swift in Sources */ = {isa = PBXBuildFile; fileRef = 100522BA28743D87000914AE /* LMRCamera.swift */; };
		100522D128743D87000914AE /* LMRLocation.swift in Sources */ = {isa = PBXBuildFile; fileRef = 100522BB28743D87000914AE /* LMRLocation.swift */; };
		100522D228743D87000914AE /* LMRScene.swift in Sources */ = {isa = PBXBuildFile; fileRef = 100522BC28743D87000914AE /* LMRScene.swift */; };
		100522D428743EC9000914AE /* LMRShaderCommon.swift in Sources */ = {isa = PBXBuildFile; fileRef = 100522D328743EC9000914AE /* LMRShaderCommon.swift */; };
		100522D62875378E000914AE /* MTL+LMR.swift in Sources */ = {isa = PBXBuildFile; fileRef = 100522D52875378E000914AE /* MTL+LMR.swift */; };
		100522D928753E52000914AE /* LMR3DLightPainter.swift in Sources */ = {isa = PBXBuildFile; fileRef = 100522D828753E52000914AE /* LMR3DLightPainter.swift */; };
		100522DD28753E8A000914AE /* LMRShader3DLight.metal in Sources */ = {isa = PBXBuildFile; fileRef = 100522DC28753E8A000914AE /* LMRShader3DLight.metal */; };
		10252DF9289CC3280061CBA5 /* Temple.mtl in Resources */ = {isa = PBXBuildFile; fileRef = 10252DF7289CC3280061CBA5 /* Temple.mtl */; };
		10252DFA289CC3280061CBA5 /* Temple.obj in Resources */ = {isa = PBXBuildFile; fileRef = 10252DF8289CC3280061CBA5 /* Temple.obj */; };
		10252DFC289CC34D0061CBA5 /* FoliageBaseColor.png in Resources */ = {isa = PBXBuildFile; fileRef = 10252DFB289CC34D0061CBA5 /* FoliageBaseColor.png */; };
		10252DFE289CC35C0061CBA5 /* FoliageNormals.png in Resources */ = {isa = PBXBuildFile; fileRef = 10252DFD289CC35C0061CBA5 /* FoliageNormals.png */; };
		10252E00289CC37C0061CBA5 /* FoliageSpecular.png in Resources */ = {isa = PBXBuildFile; fileRef = 10252DFF289CC37C0061CBA5 /* FoliageSpecular.png */; };
		10252E02289CC38F0061CBA5 /* StructureBaseColor.png in Resources */ = {isa = PBXBuildFile; fileRef = 10252E01289CC38F0061CBA5 /* StructureBaseColor.png */; };
		10252E04289CC3980061CBA5 /* StructureNormals.png in Resources */ = {isa = PBXBuildFile; fileRef = 10252E03289CC3980061CBA5 /* StructureNormals.png */; };
		10252E06289CC3A10061CBA5 /* StructureSpecular.png in Resources */ = {isa = PBXBuildFile; fileRef = 10252E05289CC3A10061CBA5 /* StructureSpecular.png */; };
		10252E08289CC6FF0061CBA5 /* LMRTileForwardPlusRenderer.swift in Sources */ = {isa = PBXBuildFile; fileRef = 10252E07289CC6FF0061CBA5 /* LMRTileForwardPlusRenderer.swift */; };
		1082C2AE2890CE0300A333D6 /* LMRRayTracingRenderer.swift in Sources */ = {isa = PBXBuildFile; fileRef = 1082C2AD2890CE0300A333D6 /* LMRRayTracingRenderer.swift */; };
		1082C2B12890DAB400A333D6 /* LMRRayTracing.metal in Sources */ = {isa = PBXBuildFile; fileRef = 1082C2B02890DAB400A333D6 /* LMRRayTracing.metal */; };
		1082C2B428913A0D00A333D6 /* LMRRayTracingVC.swift in Sources */ = {isa = PBXBuildFile; fileRef = 1082C2B328913A0D00A333D6 /* LMRRayTracingVC.swift */; };
		10D5486B2862F48800E330EA /* AppDelegate.swift in Sources */ = {isa = PBXBuildFile; fileRef = 10D5486A2862F48800E330EA /* AppDelegate.swift */; };
		10D5486D2862F48800E330EA /* SceneDelegate.swift in Sources */ = {isa = PBXBuildFile; fileRef = 10D5486C2862F48800E330EA /* SceneDelegate.swift */; };
		10D5486F2862F48800E330EA /* ViewController.swift in Sources */ = {isa = PBXBuildFile; fileRef = 10D5486E2862F48800E330EA /* ViewController.swift */; };
		10D548722862F48800E330EA /* Main.storyboard in Resources */ = {isa = PBXBuildFile; fileRef = 10D548702862F48800E330EA /* Main.storyboard */; };
		10D548742862F48A00E330EA /* Assets.xcassets in Resources */ = {isa = PBXBuildFile; fileRef = 10D548732862F48A00E330EA /* Assets.xcassets */; };
		10D548772862F48A00E330EA /* LaunchScreen.storyboard in Resources */ = {isa = PBXBuildFile; fileRef = 10D548752862F48A00E330EA /* LaunchScreen.storyboard */; };
		10D548812862F75600E330EA /* LMRSampleVC.swift in Sources */ = {isa = PBXBuildFile; fileRef = 10D548802862F75600E330EA /* LMRSampleVC.swift */; };
		10D54888286318FD00E330EA /* LMRSample3DVC.swift in Sources */ = {isa = PBXBuildFile; fileRef = 10D54887286318FD00E330EA /* LMRSample3DVC.swift */; };
		10D5488A286319AE00E330EA /* lmr_sample3d_shader.metal in Sources */ = {isa = PBXBuildFile; fileRef = 10D54889286319AE00E330EA /* lmr_sample3d_shader.metal */; };
		10E0CCF628869870002CDA50 /* LMRPointShadowVC.swift in Sources */ = {isa = PBXBuildFile; fileRef = 10E0CCF528869870002CDA50 /* LMRPointShadowVC.swift */; };
		1A6B72A928717D5C009D34F6 /* kd_wall.jpeg in Resources */ = {isa = PBXBuildFile; fileRef = 1A6B72A628717D5B009D34F6 /* kd_wall.jpeg */; };
		1A6B72AA28717D5C009D34F6 /* sk_box.png in Resources */ = {isa = PBXBuildFile; fileRef = 1A6B72A728717D5B009D34F6 /* sk_box.png */; };
		1A6B72AB28717D5C009D34F6 /* kd_box.jpeg in Resources */ = {isa = PBXBuildFile; fileRef = 1A6B72A828717D5C009D34F6 /* kd_box.jpeg */; };
		1A6B72AD28717D63009D34F6 /* kn_wall.jpg in Resources */ = {isa = PBXBuildFile; fileRef = 1A6B72AC28717D63009D34F6 /* kn_wall.jpg */; };
		1A6D22702868508C007A4F8A /* LMR3DBoxVC.swift in Sources */ = {isa = PBXBuildFile; fileRef = 1A6D226E2868508C007A4F8A /* LMR3DBoxVC.swift */; };
		1A6D22712868508C007A4F8A /* lmr_sample3dbox_shader.metal in Sources */ = {isa = PBXBuildFile; fileRef = 1A6D226F2868508C007A4F8A /* lmr_sample3dbox_shader.metal */; };
		1A6D22812868A3B9007A4F8A /* lmr_3dlight_shader.metal in Sources */ = {isa = PBXBuildFile; fileRef = 1A6D227F2868A3B9007A4F8A /* lmr_3dlight_shader.metal */; };
		1A6D22822868A3B9007A4F8A /* LMR3DLightVC.swift in Sources */ = {isa = PBXBuildFile; fileRef = 1A6D22802868A3B9007A4F8A /* LMR3DLightVC.swift */; };
		1A912D34286FEB18005F90B9 /* LMRSceneVC.swift in Sources */ = {isa = PBXBuildFile; fileRef = 1A912D33286FEB18005F90B9 /* LMRSceneVC.swift */; };
		1A912D37286FEB46005F90B9 /* lmr_3d_shader.metal in Sources */ = {isa = PBXBuildFile; fileRef = 1A912D36286FEB46005F90B9 /* lmr_3d_shader.metal */; };
		1A912D3D28707E50005F90B9 /* bottom_1.jpg in Resources */ = {isa = PBXBuildFile; fileRef = 1A912D3C28707E50005F90B9 /* bottom_1.jpg */; };
		1A9DA7CD28684F5600BB6113 /* bottom.jpg in Resources */ = {isa = PBXBuildFile; fileRef = 1A9DA7C728684F5600BB6113 /* bottom.jpg */; };
		1A9DA7CE28684F5600BB6113 /* left.jpg in Resources */ = {isa = PBXBuildFile; fileRef = 1A9DA7C828684F5600BB6113 /* left.jpg */; };
		1A9DA7CF28684F5600BB6113 /* top.jpg in Resources */ = {isa = PBXBuildFile; fileRef = 1A9DA7C928684F5600BB6113 /* top.jpg */; };
		1A9DA7D028684F5600BB6113 /* back.jpg in Resources */ = {isa = PBXBuildFile; fileRef = 1A9DA7CA28684F5600BB6113 /* back.jpg */; };
		1A9DA7D128684F5600BB6113 /* right.jpg in Resources */ = {isa = PBXBuildFile; fileRef = 1A9DA7CB28684F5600BB6113 /* right.jpg */; };
		1A9DA7D228684F5600BB6113 /* front.jpg in Resources */ = {isa = PBXBuildFile; fileRef = 1A9DA7CC28684F5600BB6113 /* front.jpg */; };
		1AFDB55C2874809C00DF2088 /* MTKMesh+LMR.swift in Sources */ = {isa = PBXBuildFile; fileRef = 1AFDB55B2874809C00DF2088 /* MTKMesh+LMR.swift */; };
/* End PBXBuildFile section */

/* Begin PBXFileReference section */
		1003B43C288561EC00CABD93 /* LMR-Bridging-Header.h */ = {isa = PBXFileReference; lastKnownFileType = sourcecode.c.h; path = "LMR-Bridging-Header.h"; sourceTree = "<group>"; };
		1003B44028858FB600CABD93 /* LMR3DShadowRenderer.swift */ = {isa = PBXFileReference; lastKnownFileType = sourcecode.swift; path = LMR3DShadowRenderer.swift; sourceTree = "<group>"; };
		1003B4432885901F00CABD93 /* LMR3DShadowPainter.swift */ = {isa = PBXFileReference; lastKnownFileType = sourcecode.swift; path = LMR3DShadowPainter.swift; sourceTree = "<group>"; };
		1003B4452885902F00CABD93 /* LMR3DShadowPainter.metal */ = {isa = PBXFileReference; lastKnownFileType = sourcecode.metal; path = LMR3DShadowPainter.metal; sourceTree = "<group>"; };
		1005229628743D7E000914AE /* ModelIOExtensions.swift */ = {isa = PBXFileReference; fileEncoding = 4; lastKnownFileType = sourcecode.swift; path = ModelIOExtensions.swift; sourceTree = "<group>"; };
		1005229728743D7E000914AE /* MathUtilities.swift */ = {isa = PBXFileReference; fileEncoding = 4; lastKnownFileType = sourcecode.swift; path = MathUtilities.swift; sourceTree = "<group>"; };
		1005229C28743D87000914AE /* LMDVertex.swift */ = {isa = PBXFileReference; fileEncoding = 4; lastKnownFileType = sourcecode.swift; path = LMDVertex.swift; sourceTree = "<group>"; };
		1005229D28743D87000914AE /* LMDMesh.swift */ = {isa = PBXFileReference; fileEncoding = 4; lastKnownFileType = sourcecode.swift; path = LMDMesh.swift; sourceTree = "<group>"; };
		1005229E28743D87000914AE /* LMDSubmesh.swift */ = {isa = PBXFileReference; fileEncoding = 4; lastKnownFileType = sourcecode.swift; path = LMDSubmesh.swift; sourceTree = "<group>"; };
		1005229F28743D87000914AE /* LMDMaterial.swift */ = {isa = PBXFileReference; fileEncoding = 4; lastKnownFileType = sourcecode.swift; path = LMDMaterial.swift; sourceTree = "<group>"; };
		100522A128743D87000914AE /* LMDMesh+Rect.swift */ = {isa = PBXFileReference; fileEncoding = 4; lastKnownFileType = sourcecode.swift; path = "LMDMesh+Rect.swift"; sourceTree = "<group>"; };
		100522A228743D87000914AE /* LMDMesh+Box.swift */ = {isa = PBXFileReference; fileEncoding = 4; lastKnownFileType = sourcecode.swift; path = "LMDMesh+Box.swift"; sourceTree = "<group>"; };
		100522A528743D87000914AE /* LMRSubmesh.swift */ = {isa = PBXFileReference; fileEncoding = 4; lastKnownFileType = sourcecode.swift; path = LMRSubmesh.swift; sourceTree = "<group>"; };
		100522A628743D87000914AE /* LMRMesh.swift */ = {isa = PBXFileReference; fileEncoding = 4; lastKnownFileType = sourcecode.swift; path = LMRMesh.swift; sourceTree = "<group>"; };
		100522A828743D87000914AE /* LMRRenderer.swift */ = {isa = PBXFileReference; fileEncoding = 4; lastKnownFileType = sourcecode.swift; path = LMRRenderer.swift; sourceTree = "<group>"; };
		100522AB28743D87000914AE /* LMRShaderCommon.metal */ = {isa = PBXFileReference; fileEncoding = 4; lastKnownFileType = sourcecode.metal; path = LMRShaderCommon.metal; sourceTree = "<group>"; };
		100522AC28743D87000914AE /* LMRShaderCommon.h */ = {isa = PBXFileReference; fileEncoding = 4; lastKnownFileType = sourcecode.c.h; path = LMRShaderCommon.h; sourceTree = "<group>"; };
		100522AF28743D87000914AE /* LMR3DObjPainter.swift */ = {isa = PBXFileReference; fileEncoding = 4; lastKnownFileType = sourcecode.swift; path = LMR3DObjPainter.swift; sourceTree = "<group>"; };
		100522B028743D87000914AE /* LMRShader3DObject.metal */ = {isa = PBXFileReference; fileEncoding = 4; lastKnownFileType = sourcecode.metal; path = LMRShader3DObject.metal; sourceTree = "<group>"; };
		100522B128743D87000914AE /* LMR3DRenderer.swift */ = {isa = PBXFileReference; fileEncoding = 4; lastKnownFileType = sourcecode.swift; path = LMR3DRenderer.swift; sourceTree = "<group>"; };
		100522B328743D87000914AE /* MDLMesh+LMR.swift */ = {isa = PBXFileReference; fileEncoding = 4; lastKnownFileType = sourcecode.swift; path = "MDLMesh+LMR.swift"; sourceTree = "<group>"; };
		100522B528743D87000914AE /* LMRContext.swift */ = {isa = PBXFileReference; fileEncoding = 4; lastKnownFileType = sourcecode.swift; path = LMRContext.swift; sourceTree = "<group>"; };
		100522B628743D87000914AE /* LMRConst.swift */ = {isa = PBXFileReference; fileEncoding = 4; lastKnownFileType = sourcecode.swift; path = LMRConst.swift; sourceTree = "<group>"; };
		100522B828743D87000914AE /* LMRLight.swift */ = {isa = PBXFileReference; fileEncoding = 4; lastKnownFileType = sourcecode.swift; path = LMRLight.swift; sourceTree = "<group>"; };
		100522B928743D87000914AE /* LMRObject.swift */ = {isa = PBXFileReference; fileEncoding = 4; lastKnownFileType = sourcecode.swift; path = LMRObject.swift; sourceTree = "<group>"; };
		100522BA28743D87000914AE /* LMRCamera.swift */ = {isa = PBXFileReference; fileEncoding = 4; lastKnownFileType = sourcecode.swift; path = LMRCamera.swift; sourceTree = "<group>"; };
		100522BB28743D87000914AE /* LMRLocation.swift */ = {isa = PBXFileReference; fileEncoding = 4; lastKnownFileType = sourcecode.swift; path = LMRLocation.swift; sourceTree = "<group>"; };
		100522BC28743D87000914AE /* LMRScene.swift */ = {isa = PBXFileReference; fileEncoding = 4; lastKnownFileType = sourcecode.swift; path = LMRScene.swift; sourceTree = "<group>"; };
		100522D328743EC9000914AE /* LMRShaderCommon.swift */ = {isa = PBXFileReference; lastKnownFileType = sourcecode.swift; path = LMRShaderCommon.swift; sourceTree = "<group>"; };
		100522D52875378E000914AE /* MTL+LMR.swift */ = {isa = PBXFileReference; lastKnownFileType = sourcecode.swift; path = "MTL+LMR.swift"; sourceTree = "<group>"; };
		100522D828753E52000914AE /* LMR3DLightPainter.swift */ = {isa = PBXFileReference; lastKnownFileType = sourcecode.swift; path = LMR3DLightPainter.swift; sourceTree = "<group>"; };
		100522DC28753E8A000914AE /* LMRShader3DLight.metal */ = {isa = PBXFileReference; lastKnownFileType = sourcecode.metal; path = LMRShader3DLight.metal; sourceTree = "<group>"; };
		10252DF7289CC3280061CBA5 /* Temple.mtl */ = {isa = PBXFileReference; fileEncoding = 4; lastKnownFileType = text; path = Temple.mtl; sourceTree = "<group>"; };
		10252DF8289CC3280061CBA5 /* Temple.obj */ = {isa = PBXFileReference; fileEncoding = 4; lastKnownFileType = text; path = Temple.obj; sourceTree = "<group>"; };
		10252DFB289CC34D0061CBA5 /* FoliageBaseColor.png */ = {isa = PBXFileReference; lastKnownFileType = image.png; path = FoliageBaseColor.png; sourceTree = "<group>"; };
		10252DFD289CC35C0061CBA5 /* FoliageNormals.png */ = {isa = PBXFileReference; lastKnownFileType = image.png; path = FoliageNormals.png; sourceTree = "<group>"; };
		10252DFF289CC37C0061CBA5 /* FoliageSpecular.png */ = {isa = PBXFileReference; lastKnownFileType = image.png; path = FoliageSpecular.png; sourceTree = "<group>"; };
		10252E01289CC38F0061CBA5 /* StructureBaseColor.png */ = {isa = PBXFileReference; lastKnownFileType = image.png; path = StructureBaseColor.png; sourceTree = "<group>"; };
		10252E03289CC3980061CBA5 /* StructureNormals.png */ = {isa = PBXFileReference; lastKnownFileType = image.png; path = StructureNormals.png; sourceTree = "<group>"; };
		10252E05289CC3A10061CBA5 /* StructureSpecular.png */ = {isa = PBXFileReference; lastKnownFileType = image.png; path = StructureSpecular.png; sourceTree = "<group>"; };
		10252E07289CC6FF0061CBA5 /* LMRTileForwardPlusRenderer.swift */ = {isa = PBXFileReference; lastKnownFileType = sourcecode.swift; path = LMRTileForwardPlusRenderer.swift; sourceTree = "<group>"; };
		1082C2AD2890CE0300A333D6 /* LMRRayTracingRenderer.swift */ = {isa = PBXFileReference; lastKnownFileType = sourcecode.swift; path = LMRRayTracingRenderer.swift; sourceTree = "<group>"; };
		1082C2B02890DAB400A333D6 /* LMRRayTracing.metal */ = {isa = PBXFileReference; lastKnownFileType = sourcecode.metal; path = LMRRayTracing.metal; sourceTree = "<group>"; };
		1082C2B22890DAC200A333D6 /* LMRRayTracing.h */ = {isa = PBXFileReference; lastKnownFileType = sourcecode.c.h; path = LMRRayTracing.h; sourceTree = "<group>"; };
		1082C2B328913A0D00A333D6 /* LMRRayTracingVC.swift */ = {isa = PBXFileReference; lastKnownFileType = sourcecode.swift; path = LMRRayTracingVC.swift; sourceTree = "<group>"; };
		10D548672862F48800E330EA /* LMR.app */ = {isa = PBXFileReference; explicitFileType = wrapper.application; includeInIndex = 0; path = LMR.app; sourceTree = BUILT_PRODUCTS_DIR; };
		10D5486A2862F48800E330EA /* AppDelegate.swift */ = {isa = PBXFileReference; lastKnownFileType = sourcecode.swift; path = AppDelegate.swift; sourceTree = "<group>"; };
		10D5486C2862F48800E330EA /* SceneDelegate.swift */ = {isa = PBXFileReference; lastKnownFileType = sourcecode.swift; path = SceneDelegate.swift; sourceTree = "<group>"; };
		10D5486E2862F48800E330EA /* ViewController.swift */ = {isa = PBXFileReference; lastKnownFileType = sourcecode.swift; path = ViewController.swift; sourceTree = "<group>"; };
		10D548712862F48800E330EA /* Base */ = {isa = PBXFileReference; lastKnownFileType = file.storyboard; name = Base; path = Base.lproj/Main.storyboard; sourceTree = "<group>"; };
		10D548732862F48A00E330EA /* Assets.xcassets */ = {isa = PBXFileReference; lastKnownFileType = folder.assetcatalog; path = Assets.xcassets; sourceTree = "<group>"; };
		10D548762862F48A00E330EA /* Base */ = {isa = PBXFileReference; lastKnownFileType = file.storyboard; name = Base; path = Base.lproj/LaunchScreen.storyboard; sourceTree = "<group>"; };
		10D548782862F48A00E330EA /* Info.plist */ = {isa = PBXFileReference; lastKnownFileType = text.plist.xml; path = Info.plist; sourceTree = "<group>"; };
		10D548802862F75600E330EA /* LMRSampleVC.swift */ = {isa = PBXFileReference; lastKnownFileType = sourcecode.swift; path = LMRSampleVC.swift; sourceTree = "<group>"; };
		10D54887286318FD00E330EA /* LMRSample3DVC.swift */ = {isa = PBXFileReference; lastKnownFileType = sourcecode.swift; path = LMRSample3DVC.swift; sourceTree = "<group>"; };
		10D54889286319AE00E330EA /* lmr_sample3d_shader.metal */ = {isa = PBXFileReference; lastKnownFileType = sourcecode.metal; path = lmr_sample3d_shader.metal; sourceTree = "<group>"; };
		10E0CCF528869870002CDA50 /* LMRPointShadowVC.swift */ = {isa = PBXFileReference; lastKnownFileType = sourcecode.swift; path = LMRPointShadowVC.swift; sourceTree = "<group>"; };
		1A6B72A628717D5B009D34F6 /* kd_wall.jpeg */ = {isa = PBXFileReference; lastKnownFileType = image.jpeg; path = kd_wall.jpeg; sourceTree = "<group>"; };
		1A6B72A728717D5B009D34F6 /* sk_box.png */ = {isa = PBXFileReference; lastKnownFileType = image.png; path = sk_box.png; sourceTree = "<group>"; };
		1A6B72A828717D5C009D34F6 /* kd_box.jpeg */ = {isa = PBXFileReference; lastKnownFileType = image.jpeg; path = kd_box.jpeg; sourceTree = "<group>"; };
		1A6B72AC28717D63009D34F6 /* kn_wall.jpg */ = {isa = PBXFileReference; lastKnownFileType = image.jpeg; path = kn_wall.jpg; sourceTree = "<group>"; };
		1A6D226E2868508C007A4F8A /* LMR3DBoxVC.swift */ = {isa = PBXFileReference; fileEncoding = 4; lastKnownFileType = sourcecode.swift; path = LMR3DBoxVC.swift; sourceTree = "<group>"; };
		1A6D226F2868508C007A4F8A /* lmr_sample3dbox_shader.metal */ = {isa = PBXFileReference; fileEncoding = 4; lastKnownFileType = sourcecode.metal; path = lmr_sample3dbox_shader.metal; sourceTree = "<group>"; };
		1A6D227F2868A3B9007A4F8A /* lmr_3dlight_shader.metal */ = {isa = PBXFileReference; fileEncoding = 4; lastKnownFileType = sourcecode.metal; path = lmr_3dlight_shader.metal; sourceTree = "<group>"; };
		1A6D22802868A3B9007A4F8A /* LMR3DLightVC.swift */ = {isa = PBXFileReference; fileEncoding = 4; lastKnownFileType = sourcecode.swift; path = LMR3DLightVC.swift; sourceTree = "<group>"; };
		1A912D33286FEB18005F90B9 /* LMRSceneVC.swift */ = {isa = PBXFileReference; lastKnownFileType = sourcecode.swift; path = LMRSceneVC.swift; sourceTree = "<group>"; };
		1A912D36286FEB46005F90B9 /* lmr_3d_shader.metal */ = {isa = PBXFileReference; lastKnownFileType = sourcecode.metal; path = lmr_3d_shader.metal; sourceTree = "<group>"; };
		1A912D3C28707E50005F90B9 /* bottom_1.jpg */ = {isa = PBXFileReference; lastKnownFileType = image.jpeg; path = bottom_1.jpg; sourceTree = "<group>"; };
		1A9DA7C728684F5600BB6113 /* bottom.jpg */ = {isa = PBXFileReference; lastKnownFileType = image.jpeg; path = bottom.jpg; sourceTree = "<group>"; };
		1A9DA7C828684F5600BB6113 /* left.jpg */ = {isa = PBXFileReference; lastKnownFileType = image.jpeg; path = left.jpg; sourceTree = "<group>"; };
		1A9DA7C928684F5600BB6113 /* top.jpg */ = {isa = PBXFileReference; lastKnownFileType = image.jpeg; path = top.jpg; sourceTree = "<group>"; };
		1A9DA7CA28684F5600BB6113 /* back.jpg */ = {isa = PBXFileReference; lastKnownFileType = image.jpeg; path = back.jpg; sourceTree = "<group>"; };
		1A9DA7CB28684F5600BB6113 /* right.jpg */ = {isa = PBXFileReference; lastKnownFileType = image.jpeg; path = right.jpg; sourceTree = "<group>"; };
		1A9DA7CC28684F5600BB6113 /* front.jpg */ = {isa = PBXFileReference; lastKnownFileType = image.jpeg; path = front.jpg; sourceTree = "<group>"; };
		1AFDB55B2874809C00DF2088 /* MTKMesh+LMR.swift */ = {isa = PBXFileReference; lastKnownFileType = sourcecode.swift; path = "MTKMesh+LMR.swift"; sourceTree = "<group>"; };
/* End PBXFileReference section */

/* Begin PBXFrameworksBuildPhase section */
		10D548642862F48800E330EA /* Frameworks */ = {
			isa = PBXFrameworksBuildPhase;
			buildActionMask = 2147483647;
			files = (
			);
			runOnlyForDeploymentPostprocessing = 0;
		};
/* End PBXFrameworksBuildPhase section */

/* Begin PBXGroup section */
		1003B44228858FF700CABD93 /* shadow */ = {
			isa = PBXGroup;
			children = (
				1003B4432885901F00CABD93 /* LMR3DShadowPainter.swift */,
				1003B4452885902F00CABD93 /* LMR3DShadowPainter.metal */,
			);
			path = shadow;
			sourceTree = "<group>";
		};
		1005229528743D7E000914AE /* math */ = {
			isa = PBXGroup;
			children = (
				1005229628743D7E000914AE /* ModelIOExtensions.swift */,
				1005229728743D7E000914AE /* MathUtilities.swift */,
			);
			path = math;
			sourceTree = "<group>";
		};
		1005229A28743D87000914AE /* LMDKit */ = {
			isa = PBXGroup;
			children = (
				1005229B28743D87000914AE /* mesh */,
				100522A028743D87000914AE /* model */,
			);
			path = LMDKit;
			sourceTree = "<group>";
		};
		1005229B28743D87000914AE /* mesh */ = {
			isa = PBXGroup;
			children = (
				1005229C28743D87000914AE /* LMDVertex.swift */,
				1005229D28743D87000914AE /* LMDMesh.swift */,
				1005229E28743D87000914AE /* LMDSubmesh.swift */,
				1005229F28743D87000914AE /* LMDMaterial.swift */,
			);
			path = mesh;
			sourceTree = "<group>";
		};
		100522A028743D87000914AE /* model */ = {
			isa = PBXGroup;
			children = (
				100522A128743D87000914AE /* LMDMesh+Rect.swift */,
				100522A228743D87000914AE /* LMDMesh+Box.swift */,
			);
			path = model;
			sourceTree = "<group>";
		};
		100522A328743D87000914AE /* LMRKit */ = {
			isa = PBXGroup;
			children = (
				1AFDB55A2874807500DF2088 /* mtl */,
				100522A428743D87000914AE /* mesh */,
				100522A728743D87000914AE /* renderer */,
				100522B228743D87000914AE /* mdl */,
				100522B428743D87000914AE /* context */,
				100522B628743D87000914AE /* LMRConst.swift */,
				100522B728743D87000914AE /* scene */,
			);
			path = LMRKit;
			sourceTree = "<group>";
		};
		100522A428743D87000914AE /* mesh */ = {
			isa = PBXGroup;
			children = (
				100522A528743D87000914AE /* LMRSubmesh.swift */,
				100522A628743D87000914AE /* LMRMesh.swift */,
			);
			path = mesh;
			sourceTree = "<group>";
		};
		100522A728743D87000914AE /* renderer */ = {
			isa = PBXGroup;
			children = (
				100522A928743D87000914AE /* filter */,
				100522B128743D87000914AE /* LMR3DRenderer.swift */,
				100522A828743D87000914AE /* LMRRenderer.swift */,
				1003B44028858FB600CABD93 /* LMR3DShadowRenderer.swift */,
				1082C2AD2890CE0300A333D6 /* LMRRayTracingRenderer.swift */,
				10252E07289CC6FF0061CBA5 /* LMRTileForwardPlusRenderer.swift */,
			);
			path = renderer;
			sourceTree = "<group>";
		};
		100522A928743D87000914AE /* filter */ = {
			isa = PBXGroup;
			children = (
				1082C2AF2890DA8300A333D6 /* rayTracing */,
				1003B44228858FF700CABD93 /* shadow */,
				100522D728753E26000914AE /* light */,
				100522AA28743D87000914AE /* common */,
				100522AD28743D87000914AE /* object */,
			);
			path = filter;
			sourceTree = "<group>";
		};
		100522AA28743D87000914AE /* common */ = {
			isa = PBXGroup;
			children = (
				100522AB28743D87000914AE /* LMRShaderCommon.metal */,
				100522AC28743D87000914AE /* LMRShaderCommon.h */,
				100522D328743EC9000914AE /* LMRShaderCommon.swift */,
			);
			path = common;
			sourceTree = "<group>";
		};
		100522AD28743D87000914AE /* object */ = {
			isa = PBXGroup;
			children = (
				100522AF28743D87000914AE /* LMR3DObjPainter.swift */,
				100522B028743D87000914AE /* LMRShader3DObject.metal */,
			);
			path = object;
			sourceTree = "<group>";
		};
		100522B228743D87000914AE /* mdl */ = {
			isa = PBXGroup;
			children = (
				100522B328743D87000914AE /* MDLMesh+LMR.swift */,
			);
			path = mdl;
			sourceTree = "<group>";
		};
		100522B428743D87000914AE /* context */ = {
			isa = PBXGroup;
			children = (
				100522B528743D87000914AE /* LMRContext.swift */,
			);
			path = context;
			sourceTree = "<group>";
		};
		100522B728743D87000914AE /* scene */ = {
			isa = PBXGroup;
			children = (
				100522B828743D87000914AE /* LMRLight.swift */,
				100522B928743D87000914AE /* LMRObject.swift */,
				100522BA28743D87000914AE /* LMRCamera.swift */,
				100522BB28743D87000914AE /* LMRLocation.swift */,
				100522BC28743D87000914AE /* LMRScene.swift */,
			);
			path = scene;
			sourceTree = "<group>";
		};
		100522D728753E26000914AE /* light */ = {
			isa = PBXGroup;
			children = (
				100522D828753E52000914AE /* LMR3DLightPainter.swift */,
				100522DC28753E8A000914AE /* LMRShader3DLight.metal */,
			);
			path = light;
			sourceTree = "<group>";
		};
		10252DF6289CC3190061CBA5 /* obj */ = {
			isa = PBXGroup;
			children = (
				10252E05289CC3A10061CBA5 /* StructureSpecular.png */,
				10252E03289CC3980061CBA5 /* StructureNormals.png */,
				10252E01289CC38F0061CBA5 /* StructureBaseColor.png */,
				10252DFF289CC37C0061CBA5 /* FoliageSpecular.png */,
				10252DFB289CC34D0061CBA5 /* FoliageBaseColor.png */,
				10252DFD289CC35C0061CBA5 /* FoliageNormals.png */,
				10252DF7289CC3280061CBA5 /* Temple.mtl */,
				10252DF8289CC3280061CBA5 /* Temple.obj */,
			);
			path = obj;
			sourceTree = "<group>";
		};
		1082C2AF2890DA8300A333D6 /* rayTracing */ = {
			isa = PBXGroup;
			children = (
				1082C2B02890DAB400A333D6 /* LMRRayTracing.metal */,
				1082C2B22890DAC200A333D6 /* LMRRayTracing.h */,
			);
			path = rayTracing;
			sourceTree = "<group>";
		};
		10D5485E2862F48800E330EA = {
			isa = PBXGroup;
			children = (
				10D548692862F48800E330EA /* LMR */,
				10D548682862F48800E330EA /* Products */,
				1003B43C288561EC00CABD93 /* LMR-Bridging-Header.h */,
			);
			sourceTree = "<group>";
		};
		10D548682862F48800E330EA /* Products */ = {
			isa = PBXGroup;
			children = (
				10D548672862F48800E330EA /* LMR.app */,
			);
			name = Products;
			sourceTree = "<group>";
		};
		10D548692862F48800E330EA /* LMR */ = {
			isa = PBXGroup;
			children = (
				1005229A28743D87000914AE /* LMDKit */,
				100522A328743D87000914AE /* LMRKit */,
				1A9DA7C528684F4500BB6113 /* res */,
				10D5488E28633A3800E330EA /* lib */,
				10D5487E2862F72A00E330EA /* models */,
				10D5486A2862F48800E330EA /* AppDelegate.swift */,
				10D5486C2862F48800E330EA /* SceneDelegate.swift */,
				10D5486E2862F48800E330EA /* ViewController.swift */,
				10D548702862F48800E330EA /* Main.storyboard */,
				10D548732862F48A00E330EA /* Assets.xcassets */,
				10D548752862F48A00E330EA /* LaunchScreen.storyboard */,
				10D548782862F48A00E330EA /* Info.plist */,
			);
			path = LMR;
			sourceTree = "<group>";
		};
		10D5487E2862F72A00E330EA /* models */ = {
			isa = PBXGroup;
			children = (
				10E0CCF8288699EB002CDA50 /* unuse */,
				10E0CCF7288699D5002CDA50 /* signal */,
				1A912D35286FEB1C005F90B9 /* scene */,
			);
			path = models;
			sourceTree = "<group>";
		};
		10D5488E28633A3800E330EA /* lib */ = {
			isa = PBXGroup;
			children = (
				1005229528743D7E000914AE /* math */,
			);
			path = lib;
			sourceTree = "<group>";
		};
		10E0CCF7288699D5002CDA50 /* signal */ = {
			isa = PBXGroup;
			children = (
				10D54887286318FD00E330EA /* LMRSample3DVC.swift */,
				10D54889286319AE00E330EA /* lmr_sample3d_shader.metal */,
				1A6D226E2868508C007A4F8A /* LMR3DBoxVC.swift */,
				1A6D226F2868508C007A4F8A /* lmr_sample3dbox_shader.metal */,
				1A6D227F2868A3B9007A4F8A /* lmr_3dlight_shader.metal */,
				1A6D22802868A3B9007A4F8A /* LMR3DLightVC.swift */,
			);
			path = signal;
			sourceTree = "<group>";
		};
		10E0CCF8288699EB002CDA50 /* unuse */ = {
			isa = PBXGroup;
			children = (
				1A912D33286FEB18005F90B9 /* LMRSceneVC.swift */,
				1A912D36286FEB46005F90B9 /* lmr_3d_shader.metal */,
			);
			path = unuse;
			sourceTree = "<group>";
		};
		1A912D35286FEB1C005F90B9 /* scene */ = {
			isa = PBXGroup;
			children = (
				10E0CCF528869870002CDA50 /* LMRPointShadowVC.swift */,
				10D548802862F75600E330EA /* LMRSampleVC.swift */,
				1082C2B328913A0D00A333D6 /* LMRRayTracingVC.swift */,
			);
			path = scene;
			sourceTree = "<group>";
		};
		1A9DA7C528684F4500BB6113 /* res */ = {
			isa = PBXGroup;
			children = (
				10252DF6289CC3190061CBA5 /* obj */,
				1A9DA7C628684F5600BB6113 /* skybox */,
			);
			path = res;
			sourceTree = "<group>";
		};
		1A9DA7C628684F5600BB6113 /* skybox */ = {
			isa = PBXGroup;
			children = (
				1A6B72AC28717D63009D34F6 /* kn_wall.jpg */,
				1A6B72A828717D5C009D34F6 /* kd_box.jpeg */,
				1A6B72A728717D5B009D34F6 /* sk_box.png */,
				1A6B72A628717D5B009D34F6 /* kd_wall.jpeg */,
				1A9DA7CA28684F5600BB6113 /* back.jpg */,
				1A912D3C28707E50005F90B9 /* bottom_1.jpg */,
				1A9DA7C728684F5600BB6113 /* bottom.jpg */,
				1A9DA7CC28684F5600BB6113 /* front.jpg */,
				1A9DA7C828684F5600BB6113 /* left.jpg */,
				1A9DA7CB28684F5600BB6113 /* right.jpg */,
				1A9DA7C928684F5600BB6113 /* top.jpg */,
			);
			path = skybox;
			sourceTree = "<group>";
		};
		1AFDB55A2874807500DF2088 /* mtl */ = {
			isa = PBXGroup;
			children = (
				1AFDB55B2874809C00DF2088 /* MTKMesh+LMR.swift */,
				100522D52875378E000914AE /* MTL+LMR.swift */,
			);
			path = mtl;
			sourceTree = "<group>";
		};
/* End PBXGroup section */

/* Begin PBXNativeTarget section */
		10D548662862F48800E330EA /* LMR */ = {
			isa = PBXNativeTarget;
			buildConfigurationList = 10D5487B2862F48A00E330EA /* Build configuration list for PBXNativeTarget "LMR" */;
			buildPhases = (
				10D548632862F48800E330EA /* Sources */,
				10D548642862F48800E330EA /* Frameworks */,
				10D548652862F48800E330EA /* Resources */,
			);
			buildRules = (
			);
			dependencies = (
			);
			name = LMR;
			productName = LMR;
			productReference = 10D548672862F48800E330EA /* LMR.app */;
			productType = "com.apple.product-type.application";
		};
/* End PBXNativeTarget section */

/* Begin PBXProject section */
		10D5485F2862F48800E330EA /* Project object */ = {
			isa = PBXProject;
			attributes = {
				LastSwiftUpdateCheck = 1400;
				LastUpgradeCheck = 1400;
				TargetAttributes = {
					10D548662862F48800E330EA = {
						CreatedOnToolsVersion = 14.0;
						LastSwiftMigration = 1400;
					};
				};
			};
			buildConfigurationList = 10D548622862F48800E330EA /* Build configuration list for PBXProject "LMR" */;
			compatibilityVersion = "Xcode 13.0";
			developmentRegion = en;
			hasScannedForEncodings = 0;
			knownRegions = (
				en,
				Base,
			);
			mainGroup = 10D5485E2862F48800E330EA;
			productRefGroup = 10D548682862F48800E330EA /* Products */;
			projectDirPath = "";
			projectRoot = "";
			targets = (
				10D548662862F48800E330EA /* LMR */,
			);
		};
/* End PBXProject section */

/* Begin PBXResourcesBuildPhase section */
		10D548652862F48800E330EA /* Resources */ = {
			isa = PBXResourcesBuildPhase;
			buildActionMask = 2147483647;
			files = (
				10252E02289CC38F0061CBA5 /* StructureBaseColor.png in Resources */,
				10D548772862F48A00E330EA /* LaunchScreen.storyboard in Resources */,
				1A6B72AD28717D63009D34F6 /* kn_wall.jpg in Resources */,
				10252DF9289CC3280061CBA5 /* Temple.mtl in Resources */,
				1A9DA7CE28684F5600BB6113 /* left.jpg in Resources */,
				10252E04289CC3980061CBA5 /* StructureNormals.png in Resources */,
				1A912D3D28707E50005F90B9 /* bottom_1.jpg in Resources */,
				1A6B72A928717D5C009D34F6 /* kd_wall.jpeg in Resources */,
				10D548742862F48A00E330EA /* Assets.xcassets in Resources */,
				1A6B72AA28717D5C009D34F6 /* sk_box.png in Resources */,
				1A9DA7CF28684F5600BB6113 /* top.jpg in Resources */,
				1A9DA7D028684F5600BB6113 /* back.jpg in Resources */,
				10252DFE289CC35C0061CBA5 /* FoliageNormals.png in Resources */,
				10252DFA289CC3280061CBA5 /* Temple.obj in Resources */,
				10252E06289CC3A10061CBA5 /* StructureSpecular.png in Resources */,
				1A9DA7D228684F5600BB6113 /* front.jpg in Resources */,
				1A9DA7CD28684F5600BB6113 /* bottom.jpg in Resources */,
				10252DFC289CC34D0061CBA5 /* FoliageBaseColor.png in Resources */,
				1A6B72AB28717D5C009D34F6 /* kd_box.jpeg in Resources */,
				1A9DA7D128684F5600BB6113 /* right.jpg in Resources */,
				10D548722862F48800E330EA /* Main.storyboard in Resources */,
				10252E00289CC37C0061CBA5 /* FoliageSpecular.png in Resources */,
			);
			runOnlyForDeploymentPostprocessing = 0;
		};
/* End PBXResourcesBuildPhase section */

/* Begin PBXSourcesBuildPhase section */
		10D548632862F48800E330EA /* Sources */ = {
			isa = PBXSourcesBuildPhase;
			buildActionMask = 2147483647;
			files = (
				1003B4462885902F00CABD93 /* LMR3DShadowPainter.metal in Sources */,
				100522D228743D87000914AE /* LMRScene.swift in Sources */,
				100522C128743D87000914AE /* LMDMesh+Rect.swift in Sources */,
				1082C2B12890DAB400A333D6 /* LMRRayTracing.metal in Sources */,
				100522DD28753E8A000914AE /* LMRShader3DLight.metal in Sources */,
				1A912D34286FEB18005F90B9 /* LMRSceneVC.swift in Sources */,
				1082C2AE2890CE0300A333D6 /* LMRRayTracingRenderer.swift in Sources */,
				1A912D37286FEB46005F90B9 /* lmr_3d_shader.metal in Sources */,
				10252E08289CC6FF0061CBA5 /* LMRTileForwardPlusRenderer.swift in Sources */,
				100522C628743D87000914AE /* LMRShaderCommon.metal in Sources */,
				10D54888286318FD00E330EA /* LMRSample3DVC.swift in Sources */,
				1005229928743D7E000914AE /* MathUtilities.swift in Sources */,
				100522D028743D87000914AE /* LMRCamera.swift in Sources */,
				100522C428743D87000914AE /* LMRMesh.swift in Sources */,
				100522CE28743D87000914AE /* LMRLight.swift in Sources */,
				100522D428743EC9000914AE /* LMRShaderCommon.swift in Sources */,
				1003B4442885901F00CABD93 /* LMR3DShadowPainter.swift in Sources */,
				100522BF28743D87000914AE /* LMDSubmesh.swift in Sources */,
				100522BD28743D87000914AE /* LMDVertex.swift in Sources */,
				100522C828743D87000914AE /* LMR3DObjPainter.swift in Sources */,
				10D5486F2862F48800E330EA /* ViewController.swift in Sources */,
				100522D62875378E000914AE /* MTL+LMR.swift in Sources */,
				100522C928743D87000914AE /* LMRShader3DObject.metal in Sources */,
				1A6D22712868508C007A4F8A /* lmr_sample3dbox_shader.metal in Sources */,
				10D5486B2862F48800E330EA /* AppDelegate.swift in Sources */,
				100522BE28743D87000914AE /* LMDMesh.swift in Sources */,
				100522CB28743D87000914AE /* MDLMesh+LMR.swift in Sources */,
				1005229828743D7E000914AE /* ModelIOExtensions.swift in Sources */,
				100522C028743D87000914AE /* LMDMaterial.swift in Sources */,
				1082C2B428913A0D00A333D6 /* LMRRayTracingVC.swift in Sources */,
				1A6D22702868508C007A4F8A /* LMR3DBoxVC.swift in Sources */,
				1A6D22822868A3B9007A4F8A /* LMR3DLightVC.swift in Sources */,
				100522CF28743D87000914AE /* LMRObject.swift in Sources */,
				100522CC28743D87000914AE /* LMRContext.swift in Sources */,
				10D5488A286319AE00E330EA /* lmr_sample3d_shader.metal in Sources */,
				1A6D22812868A3B9007A4F8A /* lmr_3dlight_shader.metal in Sources */,
				100522D128743D87000914AE /* LMRLocation.swift in Sources */,
				100522C228743D87000914AE /* LMDMesh+Box.swift in Sources */,
				100522C328743D87000914AE /* LMRSubmesh.swift in Sources */,
				100522CD28743D87000914AE /* LMRConst.swift in Sources */,
				10D548812862F75600E330EA /* LMRSampleVC.swift in Sources */,
				100522C528743D87000914AE /* LMRRenderer.swift in Sources */,
				100522CA28743D87000914AE /* LMR3DRenderer.swift in Sources */,
				10D5486D2862F48800E330EA /* SceneDelegate.swift in Sources */,
				1003B44128858FB600CABD93 /* LMR3DShadowRenderer.swift in Sources */,
				1AFDB55C2874809C00DF2088 /* MTKMesh+LMR.swift in Sources */,
				10E0CCF628869870002CDA50 /* LMRPointShadowVC.swift in Sources */,
				100522D928753E52000914AE /* LMR3DLightPainter.swift in Sources */,
			);
			runOnlyForDeploymentPostprocessing = 0;
		};
/* End PBXSourcesBuildPhase section */

/* Begin PBXVariantGroup section */
		10D548702862F48800E330EA /* Main.storyboard */ = {
			isa = PBXVariantGroup;
			children = (
				10D548712862F48800E330EA /* Base */,
			);
			name = Main.storyboard;
			sourceTree = "<group>";
		};
		10D548752862F48A00E330EA /* LaunchScreen.storyboard */ = {
			isa = PBXVariantGroup;
			children = (
				10D548762862F48A00E330EA /* Base */,
			);
			name = LaunchScreen.storyboard;
			sourceTree = "<group>";
		};
/* End PBXVariantGroup section */

/* Begin XCBuildConfiguration section */
		10D548792862F48A00E330EA /* Debug */ = {
			isa = XCBuildConfiguration;
			buildSettings = {
				ALWAYS_SEARCH_USER_PATHS = NO;
				CLANG_ANALYZER_NONNULL = YES;
				CLANG_ANALYZER_NUMBER_OBJECT_CONVERSION = YES_AGGRESSIVE;
				CLANG_CXX_LANGUAGE_STANDARD = "gnu++17";
				CLANG_ENABLE_MODULES = YES;
				CLANG_ENABLE_OBJC_ARC = YES;
				CLANG_ENABLE_OBJC_WEAK = YES;
				CLANG_WARN_BLOCK_CAPTURE_AUTORELEASING = YES;
				CLANG_WARN_BOOL_CONVERSION = YES;
				CLANG_WARN_COMMA = YES;
				CLANG_WARN_CONSTANT_CONVERSION = YES;
				CLANG_WARN_DEPRECATED_OBJC_IMPLEMENTATIONS = YES;
				CLANG_WARN_DIRECT_OBJC_ISA_USAGE = YES_ERROR;
				CLANG_WARN_DOCUMENTATION_COMMENTS = YES;
				CLANG_WARN_EMPTY_BODY = YES;
				CLANG_WARN_ENUM_CONVERSION = YES;
				CLANG_WARN_INFINITE_RECURSION = YES;
				CLANG_WARN_INT_CONVERSION = YES;
				CLANG_WARN_NON_LITERAL_NULL_CONVERSION = YES;
				CLANG_WARN_OBJC_IMPLICIT_RETAIN_SELF = YES;
				CLANG_WARN_OBJC_LITERAL_CONVERSION = YES;
				CLANG_WARN_OBJC_ROOT_CLASS = YES_ERROR;
				CLANG_WARN_QUOTED_INCLUDE_IN_FRAMEWORK_HEADER = YES;
				CLANG_WARN_RANGE_LOOP_ANALYSIS = YES;
				CLANG_WARN_STRICT_PROTOTYPES = YES;
				CLANG_WARN_SUSPICIOUS_MOVE = YES;
				CLANG_WARN_UNGUARDED_AVAILABILITY = YES_AGGRESSIVE;
				CLANG_WARN_UNREACHABLE_CODE = YES;
				CLANG_WARN__DUPLICATE_METHOD_MATCH = YES;
				COPY_PHASE_STRIP = NO;
				DEBUG_INFORMATION_FORMAT = dwarf;
				ENABLE_STRICT_OBJC_MSGSEND = YES;
				ENABLE_TESTABILITY = YES;
				GCC_C_LANGUAGE_STANDARD = gnu11;
				GCC_DYNAMIC_NO_PIC = NO;
				GCC_NO_COMMON_BLOCKS = YES;
				GCC_OPTIMIZATION_LEVEL = 0;
				GCC_PREPROCESSOR_DEFINITIONS = (
					"DEBUG=1",
					"$(inherited)",
				);
				GCC_WARN_64_TO_32_BIT_CONVERSION = YES;
				GCC_WARN_ABOUT_RETURN_TYPE = YES_ERROR;
				GCC_WARN_UNDECLARED_SELECTOR = YES;
				GCC_WARN_UNINITIALIZED_AUTOS = YES_AGGRESSIVE;
				GCC_WARN_UNUSED_FUNCTION = YES;
				GCC_WARN_UNUSED_VARIABLE = YES;
				IPHONEOS_DEPLOYMENT_TARGET = 16.0;
				MTL_ENABLE_DEBUG_INFO = INCLUDE_SOURCE;
				MTL_FAST_MATH = YES;
				ONLY_ACTIVE_ARCH = YES;
				SDKROOT = iphoneos;
				SWIFT_ACTIVE_COMPILATION_CONDITIONS = DEBUG;
				SWIFT_OPTIMIZATION_LEVEL = "-Onone";
			};
			name = Debug;
		};
		10D5487A2862F48A00E330EA /* Release */ = {
			isa = XCBuildConfiguration;
			buildSettings = {
				ALWAYS_SEARCH_USER_PATHS = NO;
				CLANG_ANALYZER_NONNULL = YES;
				CLANG_ANALYZER_NUMBER_OBJECT_CONVERSION = YES_AGGRESSIVE;
				CLANG_CXX_LANGUAGE_STANDARD = "gnu++17";
				CLANG_ENABLE_MODULES = YES;
				CLANG_ENABLE_OBJC_ARC = YES;
				CLANG_ENABLE_OBJC_WEAK = YES;
				CLANG_WARN_BLOCK_CAPTURE_AUTORELEASING = YES;
				CLANG_WARN_BOOL_CONVERSION = YES;
				CLANG_WARN_COMMA = YES;
				CLANG_WARN_CONSTANT_CONVERSION = YES;
				CLANG_WARN_DEPRECATED_OBJC_IMPLEMENTATIONS = YES;
				CLANG_WARN_DIRECT_OBJC_ISA_USAGE = YES_ERROR;
				CLANG_WARN_DOCUMENTATION_COMMENTS = YES;
				CLANG_WARN_EMPTY_BODY = YES;
				CLANG_WARN_ENUM_CONVERSION = YES;
				CLANG_WARN_INFINITE_RECURSION = YES;
				CLANG_WARN_INT_CONVERSION = YES;
				CLANG_WARN_NON_LITERAL_NULL_CONVERSION = YES;
				CLANG_WARN_OBJC_IMPLICIT_RETAIN_SELF = YES;
				CLANG_WARN_OBJC_LITERAL_CONVERSION = YES;
				CLANG_WARN_OBJC_ROOT_CLASS = YES_ERROR;
				CLANG_WARN_QUOTED_INCLUDE_IN_FRAMEWORK_HEADER = YES;
				CLANG_WARN_RANGE_LOOP_ANALYSIS = YES;
				CLANG_WARN_STRICT_PROTOTYPES = YES;
				CLANG_WARN_SUSPICIOUS_MOVE = YES;
				CLANG_WARN_UNGUARDED_AVAILABILITY = YES_AGGRESSIVE;
				CLANG_WARN_UNREACHABLE_CODE = YES;
				CLANG_WARN__DUPLICATE_METHOD_MATCH = YES;
				COPY_PHASE_STRIP = NO;
				DEBUG_INFORMATION_FORMAT = "dwarf-with-dsym";
				ENABLE_NS_ASSERTIONS = NO;
				ENABLE_STRICT_OBJC_MSGSEND = YES;
				GCC_C_LANGUAGE_STANDARD = gnu11;
				GCC_NO_COMMON_BLOCKS = YES;
				GCC_WARN_64_TO_32_BIT_CONVERSION = YES;
				GCC_WARN_ABOUT_RETURN_TYPE = YES_ERROR;
				GCC_WARN_UNDECLARED_SELECTOR = YES;
				GCC_WARN_UNINITIALIZED_AUTOS = YES_AGGRESSIVE;
				GCC_WARN_UNUSED_FUNCTION = YES;
				GCC_WARN_UNUSED_VARIABLE = YES;
				IPHONEOS_DEPLOYMENT_TARGET = 16.0;
				MTL_ENABLE_DEBUG_INFO = NO;
				MTL_FAST_MATH = YES;
				SDKROOT = iphoneos;
				SWIFT_COMPILATION_MODE = wholemodule;
				SWIFT_OPTIMIZATION_LEVEL = "-O";
				VALIDATE_PRODUCT = YES;
			};
			name = Release;
		};
		10D5487C2862F48A00E330EA /* Debug */ = {
			isa = XCBuildConfiguration;
			buildSettings = {
				ASSETCATALOG_COMPILER_APPICON_NAME = AppIcon;
				ASSETCATALOG_COMPILER_GLOBAL_ACCENT_COLOR_NAME = AccentColor;
				CLANG_ENABLE_MODULES = YES;
				CODE_SIGN_STYLE = Automatic;
				CURRENT_PROJECT_VERSION = 1;
				DEVELOPMENT_TEAM = Y8YG5F7WN9;
				GENERATE_INFOPLIST_FILE = YES;
				INFOPLIST_FILE = LMR/Info.plist;
				INFOPLIST_KEY_UIApplicationSupportsIndirectInputEvents = YES;
				INFOPLIST_KEY_UILaunchStoryboardName = LaunchScreen;
				INFOPLIST_KEY_UIMainStoryboardFile = Main;
				INFOPLIST_KEY_UISupportedInterfaceOrientations_iPad = "UIInterfaceOrientationPortrait UIInterfaceOrientationPortraitUpsideDown UIInterfaceOrientationLandscapeLeft UIInterfaceOrientationLandscapeRight";
				INFOPLIST_KEY_UISupportedInterfaceOrientations_iPhone = "UIInterfaceOrientationPortrait UIInterfaceOrientationLandscapeLeft UIInterfaceOrientationLandscapeRight";
				IPHONEOS_DEPLOYMENT_TARGET = 13.0;
				LD_RUNPATH_SEARCH_PATHS = (
					"$(inherited)",
					"@executable_path/Frameworks",
				);
				MARKETING_VERSION = 1.0;
				PRODUCT_BUNDLE_IDENTIFIER = com.hjp.LMR;
				PRODUCT_NAME = "$(TARGET_NAME)";
				SWIFT_EMIT_LOC_STRINGS = YES;
				SWIFT_OBJC_BRIDGING_HEADER = "LMR-Bridging-Header.h";
				SWIFT_OPTIMIZATION_LEVEL = "-Onone";
				SWIFT_VERSION = 5.0;
				TARGETED_DEVICE_FAMILY = "1,2";
			};
			name = Debug;
		};
		10D5487D2862F48A00E330EA /* Release */ = {
			isa = XCBuildConfiguration;
			buildSettings = {
				ASSETCATALOG_COMPILER_APPICON_NAME = AppIcon;
				ASSETCATALOG_COMPILER_GLOBAL_ACCENT_COLOR_NAME = AccentColor;
				CLANG_ENABLE_MODULES = YES;
				CODE_SIGN_STYLE = Automatic;
				CURRENT_PROJECT_VERSION = 1;
				DEVELOPMENT_TEAM = Y8YG5F7WN9;
				GENERATE_INFOPLIST_FILE = YES;
				INFOPLIST_FILE = LMR/Info.plist;
				INFOPLIST_KEY_UIApplicationSupportsIndirectInputEvents = YES;
				INFOPLIST_KEY_UILaunchStoryboardName = LaunchScreen;
				INFOPLIST_KEY_UIMainStoryboardFile = Main;
				INFOPLIST_KEY_UISupportedInterfaceOrientations_iPad = "UIInterfaceOrientationPortrait UIInterfaceOrientationPortraitUpsideDown UIInterfaceOrientationLandscapeLeft UIInterfaceOrientationLandscapeRight";
				INFOPLIST_KEY_UISupportedInterfaceOrientations_iPhone = "UIInterfaceOrientationPortrait UIInterfaceOrientationLandscapeLeft UIInterfaceOrientationLandscapeRight";
				IPHONEOS_DEPLOYMENT_TARGET = 13.0;
				LD_RUNPATH_SEARCH_PATHS = (
					"$(inherited)",
					"@executable_path/Frameworks",
				);
				MARKETING_VERSION = 1.0;
				PRODUCT_BUNDLE_IDENTIFIER = com.hjp.LMR;
				PRODUCT_NAME = "$(TARGET_NAME)";
				SWIFT_EMIT_LOC_STRINGS = YES;
				SWIFT_OBJC_BRIDGING_HEADER = "LMR-Bridging-Header.h";
				SWIFT_VERSION = 5.0;
				TARGETED_DEVICE_FAMILY = "1,2";
			};
			name = Release;
		};
/* End XCBuildConfiguration section */

/* Begin XCConfigurationList section */
		10D548622862F48800E330EA /* Build configuration list for PBXProject "LMR" */ = {
			isa = XCConfigurationList;
			buildConfigurations = (
				10D548792862F48A00E330EA /* Debug */,
				10D5487A2862F48A00E330EA /* Release */,
			);
			defaultConfigurationIsVisible = 0;
			defaultConfigurationName = Release;
		};
		10D5487B2862F48A00E330EA /* Build configuration list for PBXNativeTarget "LMR" */ = {
			isa = XCConfigurationList;
			buildConfigurations = (
				10D5487C2862F48A00E330EA /* Debug */,
				10D5487D2862F48A00E330EA /* Release */,
			);
			defaultConfigurationIsVisible = 0;
			defaultConfigurationName = Release;
		};
/* End XCConfigurationList section */
	};
	rootObject = 10D5485F2862F48800E330EA /* Project object */;
}
